
{
  "name": "analytics-console",
  "version": "3.2.0",
  "lockfileVersion": 3,
  "packages": {
    "": {
      "dependencies": {
        "@legacy-grid/react": "4.6.0",
        "react": "19.2.0",
        "react-dom": "19.2.0"
      }
    },
    "node_modules/@legacy-grid/react": {
      "version": "4.6.0",
      "peerDependencies": {
        "react": "^18.2.0"
      }
    }
  }
}
